{
  "name": "protey-chat",
  "version": "1.0.0",
  "lockfileVersion": 3,
  "requires": true,
  "packages": {
    "": {
      "name": "protey-chat",
      "version": "1.0.0",
      "license": "MIT",
      "workspaces": [
        "packages/app/messenger/*",
        "packages/unit/chat/*"
      ]
    }
  }
}
